{
  "name": "leaflet-pixi-overlay",
  "version": "1.9.1",
  "lockfileVersion": 3,
  "requires": true,
  "packages": {
    "": {
      "name": "leaflet-pixi-overlay",
      "version": "1.9.1",
      "license": "MIT",
      "devDependencies": {
        "barbiche": "^3.0.10",
        "bezier-easing": "^2.1.0",
        "d3-array": "^3.2.2",
        "d3-color": "^3.1.0",
        "d3-interpolate": "^3.0.1",
        "d3-quadtree": "^3.0.1",
        "d3-scale": "^4.0.2",
        "graph-draw": "^2.0.3",
        "jshint": "^2.12.0",
        "leaflet": "^1.7.1",
        "leaflet-hash": "^0.2.1",
        "leaflet.photon": "^0.8.0",
        "pixi.js": "^7.1.2",
        "pixi.js.legacy": "npm:pixi.js@^4.8.9",
        "rbush": "^3.0.1",
        "template-mb": "^2.0.6",
        "topojson-client": "^3.1.0",
        "uglify-js": "^3.13.6"
      },
      "peerDependencies": {
        "leaflet": ">=0.7",
        "pixi.js": ">=4.6"
      }
    },
    "node_modules/@pixi/accessibility": {
      "version": "7.1.2",
      "resolved": "https://registry.npmjs.org/@pixi/accessibility/-/accessibility-7.1.2.tgz",
      "integrity": "sha512-o5f9IwzqH7iCX05ougmh2r4In9QUVpV+D9UjyCEN8ZKBXfjEk56/VwBd1xX1iYABSktwozX2i3JyozURWD/GOA==",
      "dev": true
    },
    "node_modules/@pixi/app": {
      "version": "7.1.2",
      "resolved": "https://registry.npmjs.org/@pixi/app/-/app-7.1.2.tgz",
      "integrity": "sha512-0fMeIfySiQtp75a+UmqtF50VwgeIfjoaDqpdmNtVdIThhcLVXW1BZSdAlQUHWsNWQXsRs2isXYPIrz9B71XrWA==",
      "dev": true
    },
    "node_modules/@pixi/assets": {
      "version": "7.1.2",
      "resolved": "https://registry.npmjs.org/@pixi/assets/-/assets-7.1.2.tgz",
      "integrity": "sha512-Vq9Qxr833HWZGRJ3MJAJQSQLUG7fTVBnrTIv6IKlflAn9k7x63EqOCpyFXVce7pmRcuAgNMfgvboxip+9EBhGw==",
      "dev": true,
      "dependencies": {
        "@types/css-font-loading-module": "^0.0.7"
      }
    },
    "node_modules/@pixi/compressed-textures": {
      "version": "7.1.2",
      "resolved": "https://registry.npmjs.org/@pixi/compressed-textures/-/compressed-textures-7.1.2.tgz",
      "integrity": "sha512-DX9eHNSCn5b4y//FCBU/6MglbxcEN/sHXCH0Lsm5oteetXDaQ+vREhkPDiy6ApsvdImzP+qYgVDkE1gplLlYIQ==",
      "dev": true
    },
    "node_modules/@pixi/constants": {
      "version": "7.1.2",
      "resolved": "https://registry.npmjs.org/@pixi/constants/-/constants-7.1.2.tgz",
      "integrity": "sha512-fJflBZJm7fkLmHE5jwl2sc4oekburtM881MmAexYnZVfLNj76mNquElwOd4xAf5iQY43J0g05tSObXtin8a4Fg==",
      "dev": true
    },
    "node_modules/@pixi/core": {
      "version": "7.1.2",
      "resolved": "https://registry.npmjs.org/@pixi/core/-/core-7.1.2.tgz",
      "integrity": "sha512-yhKYxiDFsS0KdB2ARXyfvQ6+J0IFXzpKSFNOl+MAPfla3cR4QxInln8CoIEB9CJkB+GoHq2tU5+O4xx15ESIvw==",
      "dev": true,
      "dependencies": {
        "@pixi/constants": "7.1.2",
        "@pixi/extensions": "7.1.2",
        "@pixi/math": "7.1.2",
        "@pixi/runner": "7.1.2",
        "@pixi/settings": "7.1.2",
        "@pixi/ticker": "7.1.2",
        "@pixi/utils": "7.1.2",
        "@types/offscreencanvas": "^2019.6.4"
      },
      "funding": {
        "type": "opencollective",
        "url": "https://opencollective.com/pixijs"
      }
    },
    "node_modules/@pixi/display": {
      "version": "7.1.2",
      "resolved": "https://registry.npmjs.org/@pixi/display/-/display-7.1.2.tgz",
      "integrity": "sha512-+XTsk42xuBuhzXjMMIDU7+Oou2qbiEy3NK2yuZTbXXMqWzcrGvlPr/9Dx5DU4ObPsYOO8MBB/Vag8bFB38yPlw==",
      "dev": true
    },
    "node_modules/@pixi/events": {
      "version": "7.1.2",
      "resolved": "https://registry.npmjs.org/@pixi/events/-/events-7.1.2.tgz",
      "integrity": "sha512-KVGrvXayAgFxnq7o/QslbA/2f7uVvhWb1W7l49BWIyGgbUpV0NLQmk8qS5LFuWMgTalm4CWBchnjQ0ZExy12Mw==",
      "dev": true
    },
    "node_modules/@pixi/extensions": {
      "version": "7.1.2",
      "resolved": "https://registry.npmjs.org/@pixi/extensions/-/extensions-7.1.2.tgz",
      "integrity": "sha512-IfUDoGiCDmBf4wiFO1YQYtIrE2DmV4XsPxQe6XE82KTxttTHdHO8XlVE6HiE+Ldtc08kLvY3iQ/y1dnpLBT1gA==",
      "dev": true
    },
    "node_modules/@pixi/extract": {
      "version": "7.1.2",
      "resolved": "https://registry.npmjs.org/@pixi/extract/-/extract-7.1.2.tgz",
      "integrity": "sha512-/31k0YP8vTQAhYcBk6etQbh0jeXTQASL/X078xELfH3/6fCm7xAwEgglJCWHDecK7mLMRRNrahmHBK164zO9Cw==",
      "dev": true
    },
    "node_modules/@pixi/filter-alpha": {
      "version": "7.1.2",
      "resolved": "https://registry.npmjs.org/@pixi/filter-alpha/-/filter-alpha-7.1.2.tgz",
      "integrity": "sha512-o8bnFYU3kxrMJQ5hjRmmP+ygpSeoOH7KCXZwq/4vQNzUETrTaeyZvcIt4FIVVGyKQ4h1Gh3qipZ0EouQbLI5xA==",
      "dev": true
    },
    "node_modules/@pixi/filter-blur": {
      "version": "7.1.2",
      "resolved": "https://registry.npmjs.org/@pixi/filter-blur/-/filter-blur-7.1.2.tgz",
      "integrity": "sha512-WtYkpEBY5J7TObxmioigEWJCs9EXQKUnXEWztGZCtTghG4xA1XAIAEzLP5fEXCifiaU6a9Ro7Z/V1vPFalxlJg==",
      "dev": true
    },
    "node_modules/@pixi/filter-color-matrix": {
      "version": "7.1.2",
      "resolved": "https://registry.npmjs.org/@pixi/filter-color-matrix/-/filter-color-matrix-7.1.2.tgz",
      "integrity": "sha512-o9+Sb6r7WmJ7bJkxQsdbehTjWZtSlgCfLaIOglDlN39nsNIR2rHguiRimKfEKmKA5e6QsNiTi4qNMgRYEuPiYg==",
      "dev": true
    },
    "node_modules/@pixi/filter-displacement": {
      "version": "7.1.2",
      "resolved": "https://registry.npmjs.org/@pixi/filter-displacement/-/filter-displacement-7.1.2.tgz",
      "integrity": "sha512-PdWUtdC9MYD+ZhPBAqIwFKn2XSFoDbIL8gFz/oiECoTtWn7sujRQuvqVjbp6Nvu4QKvhlBDq/WDTe3Js+EPVbA==",
      "dev": true
    },
    "node_modules/@pixi/filter-fxaa": {
      "version": "7.1.2",
      "resolved": "https://registry.npmjs.org/@pixi/filter-fxaa/-/filter-fxaa-7.1.2.tgz",
      "integrity": "sha512-vW47OpemETweJW6OaAy+jI/RUWtOdEhrXH7bPTDIJyTEij62xgec95f9AWU/OfWzK5lOsoWXtlV//mvGUdi86Q==",
      "dev": true
    },
    "node_modules/@pixi/filter-noise": {
      "version": "7.1.2",
      "resolved": "https://registry.npmjs.org/@pixi/filter-noise/-/filter-noise-7.1.2.tgz",
      "integrity": "sha512-SXVP0Og6ByTfmkd2Xnesi+m9jBLvi3x2aqjXDWgM9wNiXTF67CtfHzIwgs5A+wGADSylEIyZz4KMiUaJ2AH3Zw==",
      "dev": true
    },
    "node_modules/@pixi/graphics": {
      "version": "7.1.2",
      "resolved": "https://registry.npmjs.org/@pixi/graphics/-/graphics-7.1.2.tgz",
      "integrity": "sha512-R32KfpIfBABDvVzX9Rh59oyP2p7TXKcakEi/eOBF+paGmDpIYXK2Ola4VfoalqZIXFMhsFST36iiJv/cRaKRdQ==",
      "dev": true
    },
    "node_modules/@pixi/math": {
      "version": "7.1.2",
      "resolved": "https://registry.npmjs.org/@pixi/math/-/math-7.1.2.tgz",
      "integrity": "sha512-mLfbdo/Al78YLTstTfnqzxuZy/L0ef9oaL4Wc58Jm+9VjqXkCbI2zIioERdb/KPYWFIABMC0ZIjE5vTCYdyphw==",
      "dev": true
    },
    "node_modules/@pixi/mesh": {
      "version": "7.1.2",
      "resolved": "https://registry.npmjs.org/@pixi/mesh/-/mesh-7.1.2.tgz",
      "integrity": "sha512-1N45fW/Y5p+ixEAfihe1ZpTIdx7KY3Wce0coGv42k4pCeKykGMR9ibCL5ThJoHLS1mtU3QIfmmj5HC8ZW8SwjA==",
      "dev": true
    },
    "node_modules/@pixi/mesh-extras": {
      "version": "7.1.2",
      "resolved": "https://registry.npmjs.org/@pixi/mesh-extras/-/mesh-extras-7.1.2.tgz",
      "integrity": "sha512-ffV8Ajo3LAJdn+eUkixEK48tTsnJjyV9+YrbSK1Lciezx2jvQabmeBDmowBGFZnKjrgJFEJWeBDCKlyhcffkOg==",
      "dev": true
    },
    "node_modules/@pixi/mixin-cache-as-bitmap": {
      "version": "7.1.2",
      "resolved": "https://registry.npmjs.org/@pixi/mixin-cache-as-bitmap/-/mixin-cache-as-bitmap-7.1.2.tgz",
      "integrity": "sha512-bGOKkuQj3IHrJHY1a2oSKM8U0nvnNxcr2+IRchx9ncaE3V9VUxHyNgj/bn5ed9V0momRzXCtxkT+rA8V8RDw4g==",
      "dev": true
    },
    "node_modules/@pixi/mixin-get-child-by-name": {
      "version": "7.1.2",
      "resolved": "https://registry.npmjs.org/@pixi/mixin-get-child-by-name/-/mixin-get-child-by-name-7.1.2.tgz",
      "integrity": "sha512-yFzJCegHc5JZ/kGBi/UeXvtDdF7Wfzg9uIAbK+zc/YL0PjB3+Q7AKcR7Exq4XMKwUBAd24S5aTDR23WfW5Z7OA==",
      "dev": true
    },
    "node_modules/@pixi/mixin-get-global-position": {
      "version": "7.1.2",
      "resolved": "https://registry.npmjs.org/@pixi/mixin-get-global-position/-/mixin-get-global-position-7.1.2.tgz",
      "integrity": "sha512-nX/zAwRfK9Uja7Jlj3wrb8am4CIWY7Z6ZRvRqR9VM2yS2eE6KLD4X706gHxlKQnVav/Wup1n6AFJdk68d25Tbg==",
      "dev": true
    },
    "node_modules/@pixi/particle-container": {
      "version": "7.1.2",
      "resolved": "https://registry.npmjs.org/@pixi/particle-container/-/particle-container-7.1.2.tgz",
      "integrity": "sha512-BaNT226SIs04qBwiUHanTYsWZjCFivW9jCZrV9+2N5BrNaCw4SWOfoHwy23AxaWZC2coU2AkM9MGoOeD75Qq9A==",
      "dev": true
    },
    "node_modules/@pixi/prepare": {
      "version": "7.1.2",
      "resolved": "https://registry.npmjs.org/@pixi/prepare/-/prepare-7.1.2.tgz",
      "integrity": "sha512-LwJsseLklfeHRTMAwtwew3ficceSRuxv7H9VMAvk588+UXEQGOINVG3sE9CF7nwoqU8Ry55BlR9IGCQGP8bCzA==",
      "dev": true
    },
    "node_modules/@pixi/runner": {
      "version": "7.1.2",
      "resolved": "https://registry.npmjs.org/@pixi/runner/-/runner-7.1.2.tgz",
      "integrity": "sha512-mtkNlABmQGD208nYsnUjZlMzsJ2+pug7wmLBcDJC8jtD3PFbPorI+CsqdT1ivPYKXSMZq5/rcoWTk1G9PUeRog==",
      "dev": true
    },
    "node_modules/@pixi/settings": {
      "version": "7.1.2",
      "resolved": "https://registry.npmjs.org/@pixi/settings/-/settings-7.1.2.tgz",
      "integrity": "sha512-5dg4+WvqA1OLVvDjw49664Mc6x26O0WPzpCHTxt9WrzKqE6g6S2A+Sxn8E6Eq+/86excpYf0JCR8F2d+ObpL1Q==",
      "dev": true,
      "dependencies": {
        "@pixi/constants": "7.1.2",
        "@types/css-font-loading-module": "^0.0.7"
      }
    },
    "node_modules/@pixi/sprite": {
      "version": "7.1.2",
      "resolved": "https://registry.npmjs.org/@pixi/sprite/-/sprite-7.1.2.tgz",
      "integrity": "sha512-pUdU+QdWKuYvrx7iaM7Pr9otEGPUVCfhUFO+z13uJeDPg3kx8HX5AwzAz0dl1B7FOfO0ugYlpzWZAF9vYNGd+Q==",
      "dev": true
    },
    "node_modules/@pixi/sprite-animated": {
      "version": "7.1.2",
      "resolved": "https://registry.npmjs.org/@pixi/sprite-animated/-/sprite-animated-7.1.2.tgz",
      "integrity": "sha512-zN4UN6xUMjmrjSoFe9qh+gxMI+UJEa1p+wtKjKMrrUzVFsdRo7KuCRq5tzhDd32t+phWkIv1f3E/LAbQ7ZdNsA==",
      "dev": true
    },
    "node_modules/@pixi/sprite-tiling": {
      "version": "7.1.2",
      "resolved": "https://registry.npmjs.org/@pixi/sprite-tiling/-/sprite-tiling-7.1.2.tgz",
      "integrity": "sha512-CbBltFd5UnwFhMqAKXu/PnBP0oXYgT0Io3OnMKGG9Ux6DC2a+qrqOZaJK9EgrD8QxN7f+LjMs+H/eePrNQhXGg==",
      "dev": true
    },
    "node_modules/@pixi/spritesheet": {
      "version": "7.1.2",
      "resolved": "https://registry.npmjs.org/@pixi/spritesheet/-/spritesheet-7.1.2.tgz",
      "integrity": "sha512-HgUAd8yCVFbIxdZ0JfRI8RdF2W4KGOnfrcPvqNGCp+DRl2PvaGarnf6phpgW3xR11IEzGWHvlQyYDGWM+v1cuA==",
      "dev": true
    },
    "node_modules/@pixi/text": {
      "version": "7.1.2",
      "resolved": "https://registry.npmjs.org/@pixi/text/-/text-7.1.2.tgz",
      "integrity": "sha512-/boBiFCjlliZaWHg9GC4sVB0OLE1Yfbkh8Mg1BPwZJzf/dPxOb1jiWqlfUoTAD6G+widShTWt87mgSGHirTZow==",
      "dev": true
    },
    "node_modules/@pixi/text-bitmap": {
      "version": "7.1.2",
      "resolved": "https://registry.npmjs.org/@pixi/text-bitmap/-/text-bitmap-7.1.2.tgz",
      "integrity": "sha512-6poTJXkJMDme4uixixSROsvBVRDFf67IJxVjFNlahJyvPFtChvlNBm97w86CWY1YkiZjFPYLEZTkCCp/1/Q52A==",
      "dev": true
    },
    "node_modules/@pixi/ticker": {
      "version": "7.1.2",
      "resolved": "https://registry.npmjs.org/@pixi/ticker/-/ticker-7.1.2.tgz",
      "integrity": "sha512-zSdW3oIgfKaIwRWx3xKlS9SpJpa8efQNu70JXVbEA5fX0tZC2BIAP4GUFOM/PuyqyB95cCxGJO7KaL3xFPz/tQ==",
      "dev": true,
      "dependencies": {
        "@pixi/extensions": "7.1.2",
        "@pixi/settings": "7.1.2",
        "@pixi/utils": "7.1.2"
      }
    },
    "node_modules/@pixi/utils": {
      "version": "7.1.2",
      "resolved": "https://registry.npmjs.org/@pixi/utils/-/utils-7.1.2.tgz",
      "integrity": "sha512-UsEQn8Oz9RFJMmi8GzPJWHH6h2+Ftcfvt3JgirqvyFH7i5it7uAScA0CRCtQkc72Ot25lGfRDSbwI+f3RqdLMw==",
      "dev": true,
      "dependencies": {
        "@pixi/constants": "7.1.2",
        "@pixi/settings": "7.1.2",
        "@types/earcut": "^2.1.0",
        "earcut": "^2.2.4",
        "eventemitter3": "^4.0.0",
        "url": "^0.11.0"
      }
    },
    "node_modules/@types/css-font-loading-module": {
      "version": "0.0.7",
      "resolved": "https://registry.npmjs.org/@types/css-font-loading-module/-/css-font-loading-module-0.0.7.tgz",
      "integrity": "sha512-nl09VhutdjINdWyXxHWN/w9zlNCfr60JUqJbd24YXUuCwgeL0TpFSdElCwb6cxfB6ybE19Gjj4g0jsgkXxKv1Q==",
      "dev": true
    },
    "node_modules/@types/earcut": {
      "version": "2.1.1",
      "resolved": "https://registry.npmjs.org/@types/earcut/-/earcut-2.1.1.tgz",
      "integrity": "sha512-w8oigUCDjElRHRRrMvn/spybSMyX8MTkKA5Dv+tS1IE/TgmNZPqUYtvYBXGY8cieSE66gm+szeK+bnbxC2xHTQ==",
      "dev": true
    },
    "node_modules/@types/offscreencanvas": {
      "version": "2019.7.0",
      "resolved": "https://registry.npmjs.org/@types/offscreencanvas/-/offscreencanvas-2019.7.0.tgz",
      "integrity": "sha512-PGcyveRIpL1XIqK8eBsmRBt76eFgtzuPiSTyKHZxnGemp2yzGzWpjYKAfK3wIMiU7eH+851yEpiuP8JZerTmWg==",
      "dev": true
    },
    "node_modules/balanced-match": {
      "version": "1.0.2",
      "resolved": "https://registry.npmjs.org/balanced-match/-/balanced-match-1.0.2.tgz",
      "integrity": "sha512-3oSeUO0TMV67hN1AmbXsK4yaqU7tjiHlbxRDZOpH0KW9+CeX4bRAaX0Anxt0tx2MrpRpWwQaPwIlISEJhYU5Pw==",
      "dev": true
    },
    "node_modules/barbiche": {
      "version": "3.0.11",
      "resolved": "https://registry.npmjs.org/barbiche/-/barbiche-3.0.11.tgz",
      "integrity": "sha512-p1Nv5cTi681bQZ9fnEERV8KSQ8TErHIdEX81EOwCYukRPTueyWEh3jO/X0YH2wxoHfxBxIMnheNLsBPYXVgveg==",
      "dev": true
    },
    "node_modules/bezier-easing": {
      "version": "2.1.0",
      "resolved": "https://registry.npmjs.org/bezier-easing/-/bezier-easing-2.1.0.tgz",
      "integrity": "sha512-gbIqZ/eslnUFC1tjEvtz0sgx+xTK20wDnYMIA27VA04R7w6xxXQPZDbibjA9DTWZRA2CXtwHykkVzlCaAJAZig==",
      "dev": true
    },
    "node_modules/bit-twiddle": {
      "version": "1.0.2",
      "resolved": "https://registry.npmjs.org/bit-twiddle/-/bit-twiddle-1.0.2.tgz",
      "integrity": "sha512-B9UhK0DKFZhoTFcfvAzhqsjStvGJp9vYWf3+6SNTtdSQnvIgfkHbgHrg/e4+TH71N2GDu8tpmCVoyfrL1d7ntA==",
      "dev": true
    },
    "node_modules/brace-expansion": {
      "version": "1.1.11",
      "resolved": "https://registry.npmjs.org/brace-expansion/-/brace-expansion-1.1.11.tgz",
      "integrity": "sha512-iCuPHDFgrHX7H2vEI/5xpz07zSHB00TpugqhmYtVmMO6518mCuRMoOYFldEBl0g187ufozdaHgWKcYFb61qGiA==",
      "dev": true,
      "dependencies": {
        "balanced-match": "^1.0.0",
        "concat-map": "0.0.1"
      }
    },
    "node_modules/cli": {
      "version": "1.0.1",
      "resolved": "https://registry.npmjs.org/cli/-/cli-1.0.1.tgz",
      "integrity": "sha512-41U72MB56TfUMGndAKK8vJ78eooOD4Z5NOL4xEfjc0c23s+6EYKXlXsmACBVclLP1yOfWCgEganVzddVrSNoTg==",
      "dev": true,
      "dependencies": {
        "exit": "0.1.2",
        "glob": "^7.1.1"
      },
      "engines": {
        "node": ">=0.2.5"
      }
    },
    "node_modules/commander": {
      "version": "2.20.3",
      "resolved": "https://registry.npmjs.org/commander/-/commander-2.20.3.tgz",
      "integrity": "sha512-GpVkmM8vF2vQUkj2LvZmD35JxeJOLCwJ9cUkugyk2nuhbv3+mJvpLYYt+0+USMxE+oj+ey/lJEnhZw75x/OMcQ==",
      "dev": true
    },
    "node_modules/concat-map": {
      "version": "0.0.1",
      "resolved": "https://registry.npmjs.org/concat-map/-/concat-map-0.0.1.tgz",
      "integrity": "sha512-/Srv4dswyQNBfohGpz9o6Yb3Gz3SrUDqBH5rTuhGR7ahtlbYKnVxw2bCFMRljaA7EXHaXZ8wsHdodFvbkhKmqg==",
      "dev": true
    },
    "node_modules/console-browserify": {
      "version": "1.1.0",
      "resolved": "https://registry.npmjs.org/console-browserify/-/console-browserify-1.1.0.tgz",
      "integrity": "sha512-duS7VP5pvfsNLDvL1O4VOEbw37AI3A4ZUQYemvDlnpGrNu9tprR7BYWpDYwC0Xia0Zxz5ZupdiIrUp0GH1aXfg==",
      "dev": true,
      "dependencies": {
        "date-now": "^0.1.4"
      }
    },
    "node_modules/core-util-is": {
      "version": "1.0.3",
      "resolved": "https://registry.npmjs.org/core-util-is/-/core-util-is-1.0.3.tgz",
      "integrity": "sha512-ZQBvi1DcpJ4GDqanjucZ2Hj3wEO5pZDS89BWbkcrvdxksJorwUDDZamX9ldFkp9aw2lmBDLgkObEA4DWNJ9FYQ==",
      "dev": true
    },
    "node_modules/d3-array": {
      "version": "3.2.2",
      "resolved": "https://registry.npmjs.org/d3-array/-/d3-array-3.2.2.tgz",
      "integrity": "sha512-yEEyEAbDrF8C6Ob2myOBLjwBLck1Z89jMGFee0oPsn95GqjerpaOA4ch+vc2l0FNFFwMD5N7OCSEN5eAlsUbgQ==",
      "dev": true,
      "dependencies": {
        "internmap": "1 - 2"
      },
      "engines": {
        "node": ">=12"
      }
    },
    "node_modules/d3-color": {
      "version": "3.1.0",
      "resolved": "https://registry.npmjs.org/d3-color/-/d3-color-3.1.0.tgz",
      "integrity": "sha512-zg/chbXyeBtMQ1LbD/WSoW2DpC3I0mpmPdW+ynRTj/x2DAWYrIY7qeZIHidozwV24m4iavr15lNwIwLxRmOxhA==",
      "dev": true,
      "engines": {
        "node": ">=12"
      }
    },
    "node_modules/d3-format": {
      "version": "2.0.0",
      "resolved": "https://registry.npmjs.org/d3-format/-/d3-format-2.0.0.tgz",
      "integrity": "sha512-Ab3S6XuE/Q+flY96HXT0jOXcM4EAClYFnRGY5zsjRGNy6qCYrQsMffs7cV5Q9xejb35zxW5hf/guKw34kvIKsA==",
      "dev": true
    },
    "node_modules/d3-interpolate": {
      "version": "3.0.1",
      "resolved": "https://registry.npmjs.org/d3-interpolate/-/d3-interpolate-3.0.1.tgz",
      "integrity": "sha512-3bYs1rOD33uo8aqJfKP3JWPAibgw8Zm2+L9vBKEHJ2Rg+viTR7o5Mmv5mZcieN+FRYaAOWX5SJATX6k1PWz72g==",
      "dev": true,
      "dependencies": {
        "d3-color": "1 - 3"
      },
      "engines": {
        "node": ">=12"
      }
    },
    "node_modules/d3-quadtree": {
      "version": "3.0.1",
      "resolved": "https://registry.npmjs.org/d3-quadtree/-/d3-quadtree-3.0.1.tgz",
      "integrity": "sha512-04xDrxQTDTCFwP5H6hRhsRcb9xxv2RzkcsygFzmkSIOJy3PeRJP7sNk3VRIbKXcog561P9oU0/rVH6vDROAgUw==",
      "dev": true,
      "engines": {
        "node": ">=12"
      }
    },
    "node_modules/d3-scale": {
      "version": "4.0.2",
      "resolved": "https://registry.npmjs.org/d3-scale/-/d3-scale-4.0.2.tgz",
      "integrity": "sha512-GZW464g1SH7ag3Y7hXjf8RoUuAFIqklOAq3MRl4OaWabTFJY9PN/E1YklhXLh+OQ3fM9yS2nOkCoS+WLZ6kvxQ==",
      "dev": true,
      "dependencies": {
        "d3-array": "2.10.0 - 3",
        "d3-format": "1 - 3",
        "d3-interpolate": "1.2.0 - 3",
        "d3-time": "2.1.1 - 3",
        "d3-time-format": "2 - 4"
      },
      "engines": {
        "node": ">=12"
      }
    },
    "node_modules/d3-time": {
      "version": "2.1.1",
      "resolved": "https://registry.npmjs.org/d3-time/-/d3-time-2.1.1.tgz",
      "integrity": "sha512-/eIQe/eR4kCQwq7yxi7z4c6qEXf2IYGcjoWB5OOQy4Tq9Uv39/947qlDcN2TLkiTzQWzvnsuYPB9TrWaNfipKQ==",
      "dev": true,
      "dependencies": {
        "d3-array": "2"
      }
    },
    "node_modules/d3-time-format": {
      "version": "3.0.0",
      "resolved": "https://registry.npmjs.org/d3-time-format/-/d3-time-format-3.0.0.tgz",
      "integrity": "sha512-UXJh6EKsHBTjopVqZBhFysQcoXSv/5yLONZvkQ5Kk3qbwiUYkdX17Xa1PT6U1ZWXGGfB1ey5L8dKMlFq2DO0Ag==",
      "dev": true,
      "dependencies": {
        "d3-time": "1 - 2"
      }
    },
    "node_modules/d3-time/node_modules/d3-array": {
      "version": "2.12.1",
      "resolved": "https://registry.npmjs.org/d3-array/-/d3-array-2.12.1.tgz",
      "integrity": "sha512-B0ErZK/66mHtEsR1TkPEEkwdy+WDesimkM5gpZr5Dsg54BiTA5RXtYW5qTLIAcekaS9xfZrzBLF/OAkB3Qn1YQ==",
      "dev": true,
      "dependencies": {
        "internmap": "^1.0.0"
      }
    },
    "node_modules/date-now": {
      "version": "0.1.4",
      "resolved": "https://registry.npmjs.org/date-now/-/date-now-0.1.4.tgz",
      "integrity": "sha512-AsElvov3LoNB7tf5k37H2jYSB+ZZPMT5sG2QjJCcdlV5chIv6htBUBUui2IKRjgtKAKtCBN7Zbwa+MtwLjSeNw==",
      "dev": true
    },
    "node_modules/dom-serializer": {
      "version": "0.2.2",
      "resolved": "https://registry.npmjs.org/dom-serializer/-/dom-serializer-0.2.2.tgz",
      "integrity": "sha512-2/xPb3ORsQ42nHYiSunXkDjPLBaEj/xTwUO4B7XCZQTRk7EBtTOPaygh10YAAh2OI1Qrp6NWfpAhzswj0ydt9g==",
      "dev": true,
      "dependencies": {
        "domelementtype": "^2.0.1",
        "entities": "^2.0.0"
      }
    },
    "node_modules/dom-serializer/node_modules/domelementtype": {
      "version": "2.3.0",
      "resolved": "https://registry.npmjs.org/domelementtype/-/domelementtype-2.3.0.tgz",
      "integrity": "sha512-OLETBj6w0OsagBwdXnPdN0cnMfF9opN69co+7ZrbfPGrdpPVNBUj02spi6B1N7wChLQiPn4CSH/zJvXw56gmHw==",
      "dev": true,
      "funding": [
        {
          "type": "github",
          "url": "https://github.com/sponsors/fb55"
        }
      ]
    },
    "node_modules/dom-serializer/node_modules/entities": {
      "version": "2.2.0",
      "resolved": "https://registry.npmjs.org/entities/-/entities-2.2.0.tgz",
      "integrity": "sha512-p92if5Nz619I0w+akJrLZH0MX0Pb5DX39XOwQTtXSdQQOaYH03S1uIQp4mhOZtAXrxq4ViO67YTiLBo2638o9A==",
      "dev": true,
      "funding": {
        "url": "https://github.com/fb55/entities?sponsor=1"
      }
    },
    "node_modules/domelementtype": {
      "version": "1.3.1",
      "resolved": "https://registry.npmjs.org/domelementtype/-/domelementtype-1.3.1.tgz",
      "integrity": "sha512-BSKB+TSpMpFI/HOxCNr1O8aMOTZ8hT3pM3GQ0w/mWRmkhEDSFJkkyzz4XQsBV44BChwGkrDfMyjVD0eA2aFV3w==",
      "dev": true
    },
    "node_modules/domhandler": {
      "version": "2.3.0",
      "resolved": "https://registry.npmjs.org/domhandler/-/domhandler-2.3.0.tgz",
      "integrity": "sha512-q9bUwjfp7Eif8jWxxxPSykdRZAb6GkguBGSgvvCrhI9wB71W2K/Kvv4E61CF/mcCfnVJDeDWx/Vb/uAqbDj6UQ==",
      "dev": true,
      "dependencies": {
        "domelementtype": "1"
      }
    },
    "node_modules/domutils": {
      "version": "1.5.1",
      "resolved": "https://registry.npmjs.org/domutils/-/domutils-1.5.1.tgz",
      "integrity": "sha512-gSu5Oi/I+3wDENBsOWBiRK1eoGxcywYSqg3rR960/+EfY0CF4EX1VPkgHOZ3WiS/Jg2DtliF6BhWcHlfpYUcGw==",
      "dev": true,
      "dependencies": {
        "dom-serializer": "0",
        "domelementtype": "1"
      }
    },
    "node_modules/earcut": {
      "version": "2.2.4",
      "resolved": "https://registry.npmjs.org/earcut/-/earcut-2.2.4.tgz",
      "integrity": "sha512-/pjZsA1b4RPHbeWZQn66SWS8nZZWLQQ23oE3Eam7aroEFGEvwKAsJfZ9ytiEMycfzXWpca4FA9QIOehf7PocBQ==",
      "dev": true
    },
    "node_modules/entities": {
      "version": "1.0.0",
      "resolved": "https://registry.npmjs.org/entities/-/entities-1.0.0.tgz",
      "integrity": "sha512-LbLqfXgJMmy81t+7c14mnulFHJ170cM6E+0vMXR9k/ZiZwgX8i5pNgjTCX3SO4VeUsFLV+8InixoretwU+MjBQ==",
      "dev": true
    },
    "node_modules/eventemitter3": {
      "version": "4.0.7",
      "resolved": "https://registry.npmjs.org/eventemitter3/-/eventemitter3-4.0.7.tgz",
      "integrity": "sha512-8guHBZCwKnFhYdHr2ysuRWErTwhoN2X8XELRlrRwpmfeY2jjuUN4taQMsULKUVo1K4DvZl+0pgfyoysHxvmvEw==",
      "dev": true
    },
    "node_modules/exit": {
      "version": "0.1.2",
      "resolved": "https://registry.npmjs.org/exit/-/exit-0.1.2.tgz",
      "integrity": "sha512-Zk/eNKV2zbjpKzrsQ+n1G6poVbErQxJ0LBOJXaKZ1EViLzH+hrLu9cdXI4zw9dBQJslwBEpbQ2P1oS7nDxs6jQ==",
      "dev": true,
      "engines": {
        "node": ">= 0.8.0"
      }
    },
    "node_modules/fs.realpath": {
      "version": "1.0.0",
      "resolved": "https://registry.npmjs.org/fs.realpath/-/fs.realpath-1.0.0.tgz",
      "integrity": "sha512-OO0pH2lK6a0hZnAdau5ItzHPI6pUlvI7jMVnxUQRtw4owF2wk8lOSabtGDCTP4Ggrg2MbGnWO9X8K1t4+fGMDw==",
      "dev": true
    },
    "node_modules/glob": {
      "version": "7.2.3",
      "resolved": "https://registry.npmjs.org/glob/-/glob-7.2.3.tgz",
      "integrity": "sha512-nFR0zLpU2YCaRxwoCJvL6UvCH2JFyFVIvwTLsIf21AuHlMskA1hhTdk+LlYJtOlYt9v6dvszD2BGRqBL+iQK9Q==",
      "dev": true,
      "dependencies": {
        "fs.realpath": "^1.0.0",
        "inflight": "^1.0.4",
        "inherits": "2",
        "minimatch": "^3.1.1",
        "once": "^1.3.0",
        "path-is-absolute": "^1.0.0"
      },
      "engines": {
        "node": "*"
      },
      "funding": {
        "url": "https://github.com/sponsors/isaacs"
      }
    },
    "node_modules/glob/node_modules/minimatch": {
      "version": "3.1.2",
      "resolved": "https://registry.npmjs.org/minimatch/-/minimatch-3.1.2.tgz",
      "integrity": "sha512-J7p63hRiAjw1NDEww1W7i37+ByIrOWO5XQQAzZ3VOcL0PNybwpfmV/N05zFAzwQ9USyEcX6t3UO+K5aqBQOIHw==",
      "dev": true,
      "dependencies": {
        "brace-expansion": "^1.1.7"
      },
      "engines": {
        "node": "*"
      }
    },
    "node_modules/graph-draw": {
      "version": "2.0.3",
      "resolved": "https://registry.npmjs.org/graph-draw/-/graph-draw-2.0.3.tgz",
      "integrity": "sha512-Y4j1qKhH5SoWDKD8JrxUKaEW4gvl10feBfR90ShWrJNgdQZqIXntUciZpY4+oJIoE9wYgjBE/sEYf7Hhhy4B4g==",
      "dev": true,
      "dependencies": {
        "libtess": "^1.2.2"
      }
    },
    "node_modules/htmlparser2": {
      "version": "3.8.3",
      "resolved": "https://registry.npmjs.org/htmlparser2/-/htmlparser2-3.8.3.tgz",
      "integrity": "sha512-hBxEg3CYXe+rPIua8ETe7tmG3XDn9B0edOE/e9wH2nLczxzgdu0m0aNHY+5wFZiviLWLdANPJTssa92dMcXQ5Q==",
      "dev": true,
      "dependencies": {
        "domelementtype": "1",
        "domhandler": "2.3",
        "domutils": "1.5",
        "entities": "1.0",
        "readable-stream": "1.1"
      }
    },
    "node_modules/inflight": {
      "version": "1.0.6",
      "resolved": "https://registry.npmjs.org/inflight/-/inflight-1.0.6.tgz",
      "integrity": "sha512-k92I/b08q4wvFscXCLvqfsHCrjrF7yiXsQuIVvVE7N82W3+aqpzuUdBbfhWcy/FZR3/4IgflMgKLOsvPDrGCJA==",
      "dev": true,
      "dependencies": {
        "once": "^1.3.0",
        "wrappy": "1"
      }
    },
    "node_modules/inherits": {
      "version": "2.0.4",
      "resolved": "https://registry.npmjs.org/inherits/-/inherits-2.0.4.tgz",
      "integrity": "sha512-k/vGaX4/Yla3WzyMCvTQOXYeIHvqOKtnqBduzTHpzpQZzAskKMhZ2K+EnBiSM9zGSoIFeMpXKxa4dYeZIQqewQ==",
      "dev": true
    },
    "node_modules/internmap": {
      "version": "1.0.1",
      "resolved": "https://registry.npmjs.org/internmap/-/internmap-1.0.1.tgz",
      "integrity": "sha512-lDB5YccMydFBtasVtxnZ3MRBHuaoE8GKsppq+EchKL2U4nK/DmEpPHNH8MZe5HkMtpSiTSOZwfN0tzYjO/lJEw==",
      "dev": true
    },
    "node_modules/isarray": {
      "version": "0.0.1",
      "resolved": "https://registry.npmjs.org/isarray/-/isarray-0.0.1.tgz",
      "integrity": "sha512-D2S+3GLxWH+uhrNEcoh/fnmYeP8E8/zHl644d/jdA0g2uyXvy3sb0qxotE+ne0LtccHknQzWwZEzhak7oJ0COQ==",
      "dev": true
    },
    "node_modules/ismobilejs": {
      "version": "0.5.2",
      "resolved": "https://registry.npmjs.org/ismobilejs/-/ismobilejs-0.5.2.tgz",
      "integrity": "sha512-ta9UdV60xVZk/ZafFtSFslQaE76SvNkcs1r73d2PVR21zVzx9xuYv9tNe4MxA1NN7WoeCc2RjGot3Bz1eHDx3Q==",
      "dev": true
    },
    "node_modules/jshint": {
      "version": "2.13.6",
      "resolved": "https://registry.npmjs.org/jshint/-/jshint-2.13.6.tgz",
      "integrity": "sha512-IVdB4G0NTTeQZrBoM8C5JFVLjV2KtZ9APgybDA1MK73xb09qFs0jCXyQLnCOp1cSZZZbvhq/6mfXHUTaDkffuQ==",
      "dev": true,
      "dependencies": {
        "cli": "~1.0.0",
        "console-browserify": "1.1.x",
        "exit": "0.1.x",
        "htmlparser2": "3.8.x",
        "lodash": "~4.17.21",
        "minimatch": "~3.0.2",
        "strip-json-comments": "1.0.x"
      },
      "bin": {
        "jshint": "bin/jshint"
      }
    },
    "node_modules/leaflet": {
      "version": "1.9.3",
      "resolved": "https://registry.npmjs.org/leaflet/-/leaflet-1.9.3.tgz",
      "integrity": "sha512-iB2cR9vAkDOu5l3HAay2obcUHZ7xwUBBjph8+PGtmW/2lYhbLizWtG7nTeYht36WfOslixQF9D/uSIzhZgGMfQ==",
      "dev": true
    },
    "node_modules/leaflet-hash": {
      "version": "0.2.1",
      "resolved": "https://registry.npmjs.org/leaflet-hash/-/leaflet-hash-0.2.1.tgz",
      "integrity": "sha512-1aOP7j1hGDcOo5qAl9QjOcdu33FKQsQiCdepJfAVd7+qwBAZrObLzEGNL0BOUxjXWeJMn/Bv37FmWF2/oj6rLg==",
      "dev": true,
      "engines": {
        "node": "*"
      }
    },
    "node_modules/leaflet.photon": {
      "version": "0.8.0",
      "resolved": "https://registry.npmjs.org/leaflet.photon/-/leaflet.photon-0.8.0.tgz",
      "integrity": "sha512-uvCPocNvRJaArW8yPm6K4bkgvoMCbCOA9tgFlQfOVw+mRmN4jbkuEFoSP0nJhj8UKIOWsRtGfOjxtzaJyZuciw==",
      "dev": true
    },
    "node_modules/libtess": {
      "version": "1.2.2",
      "resolved": "https://registry.npmjs.org/libtess/-/libtess-1.2.2.tgz",
      "integrity": "sha512-Nps8HPeVVcsmJxUvFLKVJcCgcz+1ajPTXDVAVPs6+giOQP4AHV31uZFFkh+CKow/bkB7GbZWKmwmit7myaqDSw==",
      "dev": true
    },
    "node_modules/lodash": {
      "version": "4.17.21",
      "resolved": "https://registry.npmjs.org/lodash/-/lodash-4.17.21.tgz",
      "integrity": "sha512-v2kDEe57lecTulaDIuNTPy3Ry4gLGJ6Z1O3vE1krgXZNrsQ+LFTGHVxVjcXPs17LhbZVGedAJv8XZ1tvj5FvSg==",
      "dev": true
    },
    "node_modules/mini-signals": {
      "version": "1.2.0",
      "resolved": "https://registry.npmjs.org/mini-signals/-/mini-signals-1.2.0.tgz",
      "integrity": "sha512-alffqMkGCjjTSwvYMVLx+7QeJ6sTuxbXqBkP21my4iWU5+QpTQAJt3h7htA1OKm9F3BpMM0vnu72QIoiJakrLA==",
      "dev": true
    },
    "node_modules/minimatch": {
      "version": "3.0.8",
      "resolved": "https://registry.npmjs.org/minimatch/-/minimatch-3.0.8.tgz",
      "integrity": "sha512-6FsRAQsxQ61mw+qP1ZzbL9Bc78x2p5OqNgNpnoAFLTrX8n5Kxph0CsnhmKKNXTWjXqU5L0pGPR7hYk+XWZr60Q==",
      "dev": true,
      "dependencies": {
        "brace-expansion": "^1.1.7"
      },
      "engines": {
        "node": "*"
      }
    },
    "node_modules/object-assign": {
      "version": "4.1.1",
      "resolved": "https://registry.npmjs.org/object-assign/-/object-assign-4.1.1.tgz",
      "integrity": "sha512-rJgTQnkUnH1sFw8yT6VSU3zD3sWmu6sZhIseY8VX+GRu3P6F7Fu+JNDoXfklElbLJSnc3FUQHVe4cU5hj+BcUg==",
      "dev": true,
      "engines": {
        "node": ">=0.10.0"
      }
    },
    "node_modules/once": {
      "version": "1.4.0",
      "resolved": "https://registry.npmjs.org/once/-/once-1.4.0.tgz",
      "integrity": "sha512-lNaJgI+2Q5URQBkccEKHTQOPaXdUxnZZElQTZY0MFUAuaEqe1E+Nyvgdz/aIyNi6Z9MzO5dv1H8n58/GELp3+w==",
      "dev": true,
      "dependencies": {
        "wrappy": "1"
      }
    },
    "node_modules/parse-uri": {
      "version": "1.0.7",
      "resolved": "https://registry.npmjs.org/parse-uri/-/parse-uri-1.0.7.tgz",
      "integrity": "sha512-eWuZCMKNlVkXrEoANdXxbmqhu2SQO9jUMCSpdbJDObin0JxISn6e400EWsSRbr/czdKvWKkhZnMKEGUwf/Plmg==",
      "dev": true,
      "engines": {
        "node": ">= 0.10"
      }
    },
    "node_modules/path-is-absolute": {
      "version": "1.0.1",
      "resolved": "https://registry.npmjs.org/path-is-absolute/-/path-is-absolute-1.0.1.tgz",
      "integrity": "sha512-AVbw3UJ2e9bq64vSaS9Am0fje1Pa8pbGqTTsmXfaIiMpnr5DlDhfJOuLj9Sf95ZPVDAUerDfEk88MPmPe7UCQg==",
      "dev": true,
      "engines": {
        "node": ">=0.10.0"
      }
    },
    "node_modules/pixi-gl-core": {
      "version": "1.1.4",
      "resolved": "https://registry.npmjs.org/pixi-gl-core/-/pixi-gl-core-1.1.4.tgz",
      "integrity": "sha512-dGLwg7664yASpT1insVUexNTMVEtvPZh/eDoXu8QUBoq2CY1Fc8axNwR+qbS1aJ8vj6y/TfWiOEaOSyNH41txw==",
      "dev": true
    },
    "node_modules/pixi.js": {
      "version": "7.1.2",
      "resolved": "https://registry.npmjs.org/pixi.js/-/pixi.js-7.1.2.tgz",
      "integrity": "sha512-bPEn8e/fwm/8u+Y1CTUsGtFqZXhX+s4ZL+unuPVoaSmad/YTdP/YJekxr1SdDY+Ho5JiFFagh7XgZxB08N/xvw==",
      "dev": true,
      "dependencies": {
        "@pixi/accessibility": "7.1.2",
        "@pixi/app": "7.1.2",
        "@pixi/assets": "7.1.2",
        "@pixi/compressed-textures": "7.1.2",
        "@pixi/core": "7.1.2",
        "@pixi/display": "7.1.2",
        "@pixi/events": "7.1.2",
        "@pixi/extensions": "7.1.2",
        "@pixi/extract": "7.1.2",
        "@pixi/filter-alpha": "7.1.2",
        "@pixi/filter-blur": "7.1.2",
        "@pixi/filter-color-matrix": "7.1.2",
        "@pixi/filter-displacement": "7.1.2",
        "@pixi/filter-fxaa": "7.1.2",
        "@pixi/filter-noise": "7.1.2",
        "@pixi/graphics": "7.1.2",
        "@pixi/mesh": "7.1.2",
        "@pixi/mesh-extras": "7.1.2",
        "@pixi/mixin-cache-as-bitmap": "7.1.2",
        "@pixi/mixin-get-child-by-name": "7.1.2",
        "@pixi/mixin-get-global-position": "7.1.2",
        "@pixi/particle-container": "7.1.2",
        "@pixi/prepare": "7.1.2",
        "@pixi/sprite": "7.1.2",
        "@pixi/sprite-animated": "7.1.2",
        "@pixi/sprite-tiling": "7.1.2",
        "@pixi/spritesheet": "7.1.2",
        "@pixi/text": "7.1.2",
        "@pixi/text-bitmap": "7.1.2"
      },
      "funding": {
        "type": "opencollective",
        "url": "https://opencollective.com/pixijs"
      }
    },
    "node_modules/pixi.js.legacy": {
      "name": "pixi.js",
      "version": "4.8.9",
      "resolved": "https://registry.npmjs.org/pixi.js/-/pixi.js-4.8.9.tgz",
      "integrity": "sha512-YcepG5/bXLAVTSTXaMIU9NeSzwyPq/oMu2oQi6L6iE5giwng02ixVCKgc6/eMv3zl2Ho+teSOLC8R5Wp3jBvLA==",
      "dev": true,
      "dependencies": {
        "bit-twiddle": "^1.0.2",
        "earcut": "^2.1.4",
        "eventemitter3": "^2.0.0",
        "ismobilejs": "^0.5.1",
        "object-assign": "^4.0.1",
        "pixi-gl-core": "^1.1.4",
        "remove-array-items": "^1.0.0",
        "resource-loader": "^2.2.3"
      }
    },
    "node_modules/pixi.js.legacy/node_modules/eventemitter3": {
      "version": "2.0.3",
      "resolved": "https://registry.npmjs.org/eventemitter3/-/eventemitter3-2.0.3.tgz",
      "integrity": "sha512-jLN68Dx5kyFHaePoXWPsCGW5qdyZQtLYHkxkg02/Mz6g0kYpDx4FyP6XfArhQdlOC4b8Mv+EMxPo/8La7Tzghg==",
      "dev": true
    },
    "node_modules/punycode": {
      "version": "1.3.2",
      "resolved": "https://registry.npmjs.org/punycode/-/punycode-1.3.2.tgz",
      "integrity": "sha512-RofWgt/7fL5wP1Y7fxE7/EmTLzQVnB0ycyibJ0OOHIlJqTNzglYFxVwETOcIoJqJmpDXJ9xImDv+Fq34F/d4Dw==",
      "dev": true
    },
    "node_modules/querystring": {
      "version": "0.2.0",
      "resolved": "https://registry.npmjs.org/querystring/-/querystring-0.2.0.tgz",
      "integrity": "sha512-X/xY82scca2tau62i9mDyU9K+I+djTMUsvwf7xnUX5GLvVzgJybOJf4Y6o9Zx3oJK/LSXg5tTZBjwzqVPaPO2g==",
      "deprecated": "The querystring API is considered Legacy. new code should use the URLSearchParams API instead.",
      "dev": true,
      "engines": {
        "node": ">=0.4.x"
      }
    },
    "node_modules/quickselect": {
      "version": "2.0.0",
      "resolved": "https://registry.npmjs.org/quickselect/-/quickselect-2.0.0.tgz",
      "integrity": "sha512-RKJ22hX8mHe3Y6wH/N3wCM6BWtjaxIyyUIkpHOvfFnxdI4yD4tBXEBKSbriGujF6jnSVkJrffuo6vxACiSSxIw==",
      "dev": true
    },
    "node_modules/rbush": {
      "version": "3.0.1",
      "resolved": "https://registry.npmjs.org/rbush/-/rbush-3.0.1.tgz",
      "integrity": "sha512-XRaVO0YecOpEuIvbhbpTrZgoiI6xBlz6hnlr6EHhd+0x9ase6EmeN+hdwwUaJvLcsFFQ8iWVF1GAK1yB0BWi0w==",
      "dev": true,
      "dependencies": {
        "quickselect": "^2.0.0"
      }
    },
    "node_modules/readable-stream": {
      "version": "1.1.14",
      "resolved": "https://registry.npmjs.org/readable-stream/-/readable-stream-1.1.14.tgz",
      "integrity": "sha512-+MeVjFf4L44XUkhM1eYbD8fyEsxcV81pqMSR5gblfcLCHfZvbrqy4/qYHE+/R5HoBUT11WV5O08Cr1n3YXkWVQ==",
      "dev": true,
      "dependencies": {
        "core-util-is": "~1.0.0",
        "inherits": "~2.0.1",
        "isarray": "0.0.1",
        "string_decoder": "~0.10.x"
      }
    },
    "node_modules/remove-array-items": {
      "version": "1.1.1",
      "resolved": "https://registry.npmjs.org/remove-array-items/-/remove-array-items-1.1.1.tgz",
      "integrity": "sha512-MXW/jtHyl5F1PZI7NbpS8SOtympdLuF20aoWJT5lELR1p/HJDd5nqW8Eu9uLh/hCRY3FgvrIT5AwDCgBODklcA==",
      "dev": true
    },
    "node_modules/resource-loader": {
      "version": "2.2.4",
      "resolved": "https://registry.npmjs.org/resource-loader/-/resource-loader-2.2.4.tgz",
      "integrity": "sha512-MrY0bEJN26us3h4bzJUSP0n4tFEb79lCpYBavtLjSezWCcXZMgxhSgvC9LxueuqpcxG+qPjhwFu5SQAcUNacdA==",
      "dev": true,
      "dependencies": {
        "mini-signals": "^1.1.1",
        "parse-uri": "^1.0.0"
      }
    },
    "node_modules/string_decoder": {
      "version": "0.10.31",
      "resolved": "https://registry.npmjs.org/string_decoder/-/string_decoder-0.10.31.tgz",
      "integrity": "sha512-ev2QzSzWPYmy9GuqfIVildA4OdcGLeFZQrq5ys6RtiuF+RQQiZWr8TZNyAcuVXyQRYfEO+MsoB/1BuQVhOJuoQ==",
      "dev": true
    },
    "node_modules/strip-json-comments": {
      "version": "1.0.4",
      "resolved": "https://registry.npmjs.org/strip-json-comments/-/strip-json-comments-1.0.4.tgz",
      "integrity": "sha512-AOPG8EBc5wAikaG1/7uFCNFJwnKOuQwFTpYBdTW6OvWHeZBQBrAA/amefHGrEiOnCPcLFZK6FUPtWVKpQVIRgg==",
      "dev": true,
      "bin": {
        "strip-json-comments": "cli.js"
      },
      "engines": {
        "node": ">=0.8.0"
      }
    },
    "node_modules/template-mb": {
      "version": "2.0.6",
      "resolved": "https://registry.npmjs.org/template-mb/-/template-mb-2.0.6.tgz",
      "integrity": "sha512-T5a2QUxSbWwQ1g+zD+XxuFdQ+cP9ta6kr0CGTtekGZVw43gEpd4K5n+ierAYUEGHjAryt/V8gTyB3TTOJ4ZzUA==",
      "dev": true
    },
    "node_modules/topojson-client": {
      "version": "3.1.0",
      "resolved": "https://registry.npmjs.org/topojson-client/-/topojson-client-3.1.0.tgz",
      "integrity": "sha512-605uxS6bcYxGXw9qi62XyrV6Q3xwbndjachmNxu8HWTtVPxZfEJN9fd/SZS1Q54Sn2y0TMyMxFj/cJINqGHrKw==",
      "dev": true,
      "dependencies": {
        "commander": "2"
      },
      "bin": {
        "topo2geo": "bin/topo2geo",
        "topomerge": "bin/topomerge",
        "topoquantize": "bin/topoquantize"
      }
    },
    "node_modules/uglify-js": {
      "version": "3.17.4",
      "resolved": "https://registry.npmjs.org/uglify-js/-/uglify-js-3.17.4.tgz",
      "integrity": "sha512-T9q82TJI9e/C1TAxYvfb16xO120tMVFZrGA3f9/P4424DNu6ypK103y0GPFVa17yotwSyZW5iYXgjYHkGrJW/g==",
      "dev": true,
      "bin": {
        "uglifyjs": "bin/uglifyjs"
      },
      "engines": {
        "node": ">=0.8.0"
      }
    },
    "node_modules/url": {
      "version": "0.11.0",
      "resolved": "https://registry.npmjs.org/url/-/url-0.11.0.tgz",
      "integrity": "sha512-kbailJa29QrtXnxgq+DdCEGlbTeYM2eJUxsz6vjZavrCYPMIFHMKQmSKYAIuUK2i7hgPm28a8piX5NTUtM/LKQ==",
      "dev": true,
      "dependencies": {
        "punycode": "1.3.2",
        "querystring": "0.2.0"
      }
    },
    "node_modules/wrappy": {
      "version": "1.0.2",
      "resolved": "https://registry.npmjs.org/wrappy/-/wrappy-1.0.2.tgz",
      "integrity": "sha512-l4Sp/DRseor9wL6EvV2+TuQn63dMkPjZ/sp9XkghTEbV9KlPS1xUsZ3u7/IQO4wxtcFB4bgpQPRcR3QCvezPcQ==",
      "dev": true
    }
  }
}
